{
  "nodes": {
    "nixpkgs": {
      "locked": {
        "lastModified": 1742916549,
        "narHash": "sha256-zRgCYRSSETgCQLGvfPjhlxwtz/WTkChVviq/mmTqWH0=",
        "owner": "nixos",
        "repo": "nixpkgs",
        "rev": "f437e2e702edf420032e9cb5455612334a186a31",
        "type": "github"
      },
      "original": {
        "owner": "nixos",
        "ref": "release-24.11",
        "repo": "nixpkgs",
        "type": "github"
      }
    },
    "root": {
      "inputs": {
        "nixpkgs": "nixpkgs"
      }
    }
  },
  "root": "root",
  "version": 7
}
